// !$*UTF8*$!
{
	archiveVersion = 1;
	classes = {
	};
	objectVersion = 46;
	objects = {

/* Begin PBXBuildFile section */
		B30A87401D864211000C62B7 /* SoundModel.swift in Sources */ = {isa = PBXBuildFile; fileRef = B30A873F1D864211000C62B7 /* SoundModel.swift */; };
		B30C14A11D7FC0C400CA0B55 /* AppDelegate.swift in Sources */ = {isa = PBXBuildFile; fileRef = B30C14A01D7FC0C400CA0B55 /* AppDelegate.swift */; };
		B30C14A31D7FC0C400CA0B55 /* ViewController.swift in Sources */ = {isa = PBXBuildFile; fileRef = B30C14A21D7FC0C400CA0B55 /* ViewController.swift */; };
		B30C14A61D7FC0C400CA0B55 /* Main.storyboard in Resources */ = {isa = PBXBuildFile; fileRef = B30C14A41D7FC0C400CA0B55 /* Main.storyboard */; };
		B30C14A81D7FC0C400CA0B55 /* Assets.xcassets in Resources */ = {isa = PBXBuildFile; fileRef = B30C14A71D7FC0C400CA0B55 /* Assets.xcassets */; };
		B30C14AB1D7FC0C500CA0B55 /* LaunchScreen.storyboard in Resources */ = {isa = PBXBuildFile; fileRef = B30C14A91D7FC0C400CA0B55 /* LaunchScreen.storyboard */; };
		B30C14B31D7FC18B00CA0B55 /* EntrantModel.swift in Sources */ = {isa = PBXBuildFile; fileRef = B30C14B21D7FC18B00CA0B55 /* EntrantModel.swift */; };
		B354B5EE1D87842E00A4DE01 /* AccessDenied.wav in Resources */ = {isa = PBXBuildFile; fileRef = B354B5EC1D87842E00A4DE01 /* AccessDenied.wav */; };
		B354B5EF1D87842E00A4DE01 /* AccessGranted.wav in Resources */ = {isa = PBXBuildFile; fileRef = B354B5ED1D87842E00A4DE01 /* AccessGranted.wav */; };
/* End PBXBuildFile section */

/* Begin PBXFileReference section */
		B30A873F1D864211000C62B7 /* SoundModel.swift */ = {isa = PBXFileReference; fileEncoding = 4; lastKnownFileType = sourcecode.swift; path = SoundModel.swift; sourceTree = "<group>"; };
		B30C149D1D7FC0C400CA0B55 /* AmusementParkPassGenerator.app */ = {isa = PBXFileReference; explicitFileType = wrapper.application; includeInIndex = 0; path = AmusementParkPassGenerator.app; sourceTree = BUILT_PRODUCTS_DIR; };
		B30C14A01D7FC0C400CA0B55 /* AppDelegate.swift */ = {isa = PBXFileReference; lastKnownFileType = sourcecode.swift; path = AppDelegate.swift; sourceTree = "<group>"; };
		B30C14A21D7FC0C400CA0B55 /* ViewController.swift */ = {isa = PBXFileReference; lastKnownFileType = sourcecode.swift; path = ViewController.swift; sourceTree = "<group>"; };
		B30C14A51D7FC0C400CA0B55 /* Base */ = {isa = PBXFileReference; lastKnownFileType = file.storyboard; name = Base; path = Base.lproj/Main.storyboard; sourceTree = "<group>"; };
		B30C14A71D7FC0C400CA0B55 /* Assets.xcassets */ = {isa = PBXFileReference; lastKnownFileType = folder.assetcatalog; path = Assets.xcassets; sourceTree = "<group>"; };
		B30C14AA1D7FC0C500CA0B55 /* Base */ = {isa = PBXFileReference; lastKnownFileType = file.storyboard; name = Base; path = Base.lproj/LaunchScreen.storyboard; sourceTree = "<group>"; };
		B30C14AC1D7FC0C500CA0B55 /* Info.plist */ = {isa = PBXFileReference; lastKnownFileType = text.plist.xml; path = Info.plist; sourceTree = "<group>"; };
		B30C14B21D7FC18B00CA0B55 /* EntrantModel.swift */ = {isa = PBXFileReference; fileEncoding = 4; lastKnownFileType = sourcecode.swift; path = EntrantModel.swift; sourceTree = "<group>"; };
		B354B5EC1D87842E00A4DE01 /* AccessDenied.wav */ = {isa = PBXFileReference; lastKnownFileType = audio.wav; path = AccessDenied.wav; sourceTree = "<group>"; };
		B354B5ED1D87842E00A4DE01 /* AccessGranted.wav */ = {isa = PBXFileReference; lastKnownFileType = audio.wav; path = AccessGranted.wav; sourceTree = "<group>"; };
/* End PBXFileReference section */

/* Begin PBXFrameworksBuildPhase section */
		B30C149A1D7FC0C400CA0B55 /* Frameworks */ = {
			isa = PBXFrameworksBuildPhase;
			buildActionMask = 2147483647;
			files = (
			);
			runOnlyForDeploymentPostprocessing = 0;
		};
/* End PBXFrameworksBuildPhase section */

/* Begin PBXGroup section */
		B30C14941D7FC0C400CA0B55 = {
			isa = PBXGroup;
			children = (
				B30C149F1D7FC0C400CA0B55 /* AmusementParkPassGenerator */,
				B30C149E1D7FC0C400CA0B55 /* Products */,
			);
			sourceTree = "<group>";
		};
		B30C149E1D7FC0C400CA0B55 /* Products */ = {
			isa = PBXGroup;
			children = (
				B30C149D1D7FC0C400CA0B55 /* AmusementParkPassGenerator.app */,
			);
			name = Products;
			sourceTree = "<group>";
		};
		B30C149F1D7FC0C400CA0B55 /* AmusementParkPassGenerator */ = {
			isa = PBXGroup;
			children = (
				B30C14A01D7FC0C400CA0B55 /* AppDelegate.swift */,
				B30C14A21D7FC0C400CA0B55 /* ViewController.swift */,
				B30C14B21D7FC18B00CA0B55 /* EntrantModel.swift */,
				B30A873F1D864211000C62B7 /* SoundModel.swift */,
				B30C14A41D7FC0C400CA0B55 /* Main.storyboard */,
				B30C14A71D7FC0C400CA0B55 /* Assets.xcassets */,
				B30C14A91D7FC0C400CA0B55 /* LaunchScreen.storyboard */,
				B30C14AC1D7FC0C500CA0B55 /* Info.plist */,
				B354B5EB1D87840900A4DE01 /* AudioClips */,
			);
			path = AmusementParkPassGenerator;
			sourceTree = "<group>";
		};
		B354B5EB1D87840900A4DE01 /* AudioClips */ = {
			isa = PBXGroup;
			children = (
				B354B5EC1D87842E00A4DE01 /* AccessDenied.wav */,
				B354B5ED1D87842E00A4DE01 /* AccessGranted.wav */,
			);
			name = AudioClips;
			sourceTree = "<group>";
		};
/* End PBXGroup section */

/* Begin PBXNativeTarget section */
		B30C149C1D7FC0C400CA0B55 /* AmusementParkPassGenerator */ = {
			isa = PBXNativeTarget;
			buildConfigurationList = B30C14AF1D7FC0C500CA0B55 /* Build configuration list for PBXNativeTarget "AmusementParkPassGenerator" */;
			buildPhases = (
				B30C14991D7FC0C400CA0B55 /* Sources */,
				B30C149A1D7FC0C400CA0B55 /* Frameworks */,
				B30C149B1D7FC0C400CA0B55 /* Resources */,
			);
			buildRules = (
			);
			dependencies = (
			);
			name = AmusementParkPassGenerator;
			productName = AmusementParkPassGenerator;
			productReference = B30C149D1D7FC0C400CA0B55 /* AmusementParkPassGenerator.app */;
			productType = "com.apple.product-type.application";
		};
/* End PBXNativeTarget section */

/* Begin PBXProject section */
		B30C14951D7FC0C400CA0B55 /* Project object */ = {
			isa = PBXProject;
			attributes = {
				LastSwiftUpdateCheck = 0730;
				LastUpgradeCheck = 0730;
				ORGANIZATIONNAME = "Bill Merickel";
				TargetAttributes = {
					B30C149C1D7FC0C400CA0B55 = {
						CreatedOnToolsVersion = 7.3.1;
					};
				};
			};
			buildConfigurationList = B30C14981D7FC0C400CA0B55 /* Build configuration list for PBXProject "AmusementParkPassGenerator" */;
			compatibilityVersion = "Xcode 3.2";
			developmentRegion = English;
			hasScannedForEncodings = 0;
			knownRegions = (
				en,
				Base,
			);
			mainGroup = B30C14941D7FC0C400CA0B55;
			productRefGroup = B30C149E1D7FC0C400CA0B55 /* Products */;
			projectDirPath = "";
			projectRoot = "";
			targets = (
				B30C149C1D7FC0C400CA0B55 /* AmusementParkPassGenerator */,
			);
		};
/* End PBXProject section */

/* Begin PBXResourcesBuildPhase section */
		B30C149B1D7FC0C400CA0B55 /* Resources */ = {
			isa = PBXResourcesBuildPhase;
			buildActionMask = 2147483647;
			files = (
				B30C14AB1D7FC0C500CA0B55 /* LaunchScreen.storyboard in Resources */,
				B354B5EF1D87842E00A4DE01 /* AccessGranted.wav in Resources */,
				B30C14A81D7FC0C400CA0B55 /* Assets.xcassets in Resources */,
				B30C14A61D7FC0C400CA0B55 /* Main.storyboard in Resources */,
				B354B5EE1D87842E00A4DE01 /* AccessDenied.wav in Resources */,
			);
			runOnlyForDeploymentPostprocessing = 0;
		};
/* End PBXResourcesBuildPhase section */

/* Begin PBXSourcesBuildPhase section */
		B30C14991D7FC0C400CA0B55 /* Sources */ = {
			isa = PBXSourcesBuildPhase;
			buildActionMask = 2147483647;
			files = (
				B30C14A31D7FC0C400CA0B55 /* ViewController.swift in Sources */,
				B30A87401D864211000C62B7 /* SoundModel.swift in Sources */,
				B30C14A11D7FC0C400CA0B55 /* AppDelegate.swift in Sources */,
				B30C14B31D7FC18B00CA0B55 /* EntrantModel.swift in Sources */,
			);
			runOnlyForDeploymentPostprocessing = 0;
		};
/* End PBXSourcesBuildPhase section */

/* Begin PBXVariantGroup section */
		B30C14A41D7FC0C400CA0B55 /* Main.storyboard */ = {
			isa = PBXVariantGroup;
			children = (
				B30C14A51D7FC0C400CA0B55 /* Base */,
			);
			name = Main.storyboard;
			sourceTree = "<group>";
		};
		B30C14A91D7FC0C400CA0B55 /* LaunchScreen.storyboard */ = {
			isa = PBXVariantGroup;
			children = (
				B30C14AA1D7FC0C500CA0B55 /* Base */,
			);
			name = LaunchScreen.storyboard;
			sourceTree = "<group>";
		};
/* End PBXVariantGroup section */

/* Begin XCBuildConfiguration section */
		B30C14AD1D7FC0C500CA0B55 /* Debug */ = {
			isa = XCBuildConfiguration;
			buildSettings = {
				ALWAYS_SEARCH_USER_PATHS = NO;
				CLANG_ANALYZER_NONNULL = YES;
				CLANG_CXX_LANGUAGE_STANDARD = "gnu++0x";
				CLANG_CXX_LIBRARY = "libc++";
				CLANG_ENABLE_MODULES = YES;
				CLANG_ENABLE_OBJC_ARC = YES;
				CLANG_WARN_BOOL_CONVERSION = YES;
				CLANG_WARN_CONSTANT_CONVERSION = YES;
				CLANG_WARN_DIRECT_OBJC_ISA_USAGE = YES_ERROR;
				CLANG_WARN_EMPTY_BODY = YES;
				CLANG_WARN_ENUM_CONVERSION = YES;
				CLANG_WARN_INT_CONVERSION = YES;
				CLANG_WARN_OBJC_ROOT_CLASS = YES_ERROR;
				CLANG_WARN_UNREACHABLE_CODE = YES;
				CLANG_WARN__DUPLICATE_METHOD_MATCH = YES;
				"CODE_SIGN_IDENTITY[sdk=iphoneos*]" = "iPhone Developer";
				COPY_PHASE_STRIP = NO;
				DEBUG_INFORMATION_FORMAT = dwarf;
				ENABLE_STRICT_OBJC_MSGSEND = YES;
				ENABLE_TESTABILITY = YES;
				GCC_C_LANGUAGE_STANDARD = gnu99;
				GCC_DYNAMIC_NO_PIC = NO;
				GCC_NO_COMMON_BLOCKS = YES;
				GCC_OPTIMIZATION_LEVEL = 0;
				GCC_PREPROCESSOR_DEFINITIONS = (
					"DEBUG=1",
					"$(inherited)",
				);
				GCC_WARN_64_TO_32_BIT_CONVERSION = YES;
				GCC_WARN_ABOUT_RETURN_TYPE = YES_ERROR;
				GCC_WARN_UNDECLARED_SELECTOR = YES;
				GCC_WARN_UNINITIALIZED_AUTOS = YES_AGGRESSIVE;
				GCC_WARN_UNUSED_FUNCTION = YES;
				GCC_WARN_UNUSED_VARIABLE = YES;
				IPHONEOS_DEPLOYMENT_TARGET = 9.3;
				MTL_ENABLE_DEBUG_INFO = YES;
				ONLY_ACTIVE_ARCH = YES;
				SDKROOT = iphoneos;
				SWIFT_OPTIMIZATION_LEVEL = "-Onone";
				TARGETED_DEVICE_FAMILY = "1,2";
			};
			name = Debug;
		};
		B30C14AE1D7FC0C500CA0B55 /* Release */ = {
			isa = XCBuildConfiguration;
			buildSettings = {
				ALWAYS_SEARCH_USER_PATHS = NO;
				CLANG_ANALYZER_NONNULL = YES;
				CLANG_CXX_LANGUAGE_STANDARD = "gnu++0x";
				CLANG_CXX_LIBRARY = "libc++";
				CLANG_ENABLE_MODULES = YES;
				CLANG_ENABLE_OBJC_ARC = YES;
				CLANG_WARN_BOOL_CONVERSION = YES;
				CLANG_WARN_CONSTANT_CONVERSION = YES;
				CLANG_WARN_DIRECT_OBJC_ISA_USAGE = YES_ERROR;
				CLANG_WARN_EMPTY_BODY = YES;
				CLANG_WARN_ENUM_CONVERSION = YES;
				CLANG_WARN_INT_CONVERSION = YES;
				CLANG_WARN_OBJC_ROOT_CLASS = YES_ERROR;
				CLANG_WARN_UNREACHABLE_CODE = YES;
				CLANG_WARN__DUPLICATE_METHOD_MATCH = YES;
				"CODE_SIGN_IDENTITY[sdk=iphoneos*]" = "iPhone Developer";
				COPY_PHASE_STRIP = NO;
				DEBUG_INFORMATION_FORMAT = "dwarf-with-dsym";
				ENABLE_NS_ASSERTIONS = NO;
				ENABLE_STRICT_OBJC_MSGSEND = YES;
				GCC_C_LANGUAGE_STANDARD = gnu99;
				GCC_NO_COMMON_BLOCKS = YES;
				GCC_WARN_64_TO_32_BIT_CONVERSION = YES;
				GCC_WARN_ABOUT_RETURN_TYPE = YES_ERROR;
				GCC_WARN_UNDECLARED_SELECTOR = YES;
				GCC_WARN_UNINITIALIZED_AUTOS = YES_AGGRESSIVE;
				GCC_WARN_UNUSED_FUNCTION = YES;
				GCC_WARN_UNUSED_VARIABLE = YES;
				IPHONEOS_DEPLOYMENT_TARGET = 9.3;
				MTL_ENABLE_DEBUG_INFO = NO;
				SDKROOT = iphoneos;
				TARGETED_DEVICE_FAMILY = "1,2";
				VALIDATE_PRODUCT = YES;
			};
			name = Release;
		};
		B30C14B01D7FC0C500CA0B55 /* Debug */ = {
			isa = XCBuildConfiguration;
			buildSettings = {
				ASSETCATALOG_COMPILER_APPICON_NAME = AppIcon;
				INFOPLIST_FILE = AmusementParkPassGenerator/Info.plist;
				LD_RUNPATH_SEARCH_PATHS = "$(inherited) @executable_path/Frameworks";
				PRODUCT_BUNDLE_IDENTIFIER = Trigameular.AmusementParkPassGenerator;
				PRODUCT_NAME = "$(TARGET_NAME)";
			};
			name = Debug;
		};
		B30C14B11D7FC0C500CA0B55 /* Release */ = {
			isa = XCBuildConfiguration;
			buildSettings = {
				ASSETCATALOG_COMPILER_APPICON_NAME = AppIcon;
				INFOPLIST_FILE = AmusementParkPassGenerator/Info.plist;
				LD_RUNPATH_SEARCH_PATHS = "$(inherited) @executable_path/Frameworks";
				PRODUCT_BUNDLE_IDENTIFIER = Trigameular.AmusementParkPassGenerator;
				PRODUCT_NAME = "$(TARGET_NAME)";
			};
			name = Release;
		};
/* End XCBuildConfiguration section */

/* Begin XCConfigurationList section */
		B30C14981D7FC0C400CA0B55 /* Build configuration list for PBXProject "AmusementParkPassGenerator" */ = {
			isa = XCConfigurationList;
			buildConfigurations = (
				B30C14AD1D7FC0C500CA0B55 /* Debug */,
				B30C14AE1D7FC0C500CA0B55 /* Release */,
			);
			defaultConfigurationIsVisible = 0;
			defaultConfigurationName = Release;
		};
		B30C14AF1D7FC0C500CA0B55 /* Build configuration list for PBXNativeTarget "AmusementParkPassGenerator" */ = {
			isa = XCConfigurationList;
			buildConfigurations = (
				B30C14B01D7FC0C500CA0B55 /* Debug */,
				B30C14B11D7FC0C500CA0B55 /* Release */,
			);
			defaultConfigurationIsVisible = 0;
			defaultConfigurationName = Release;
		};
/* End XCConfigurationList section */
	};
	rootObject = B30C14951D7FC0C400CA0B55 /* Project object */;
}
